
Microsoft Visual Studio Solution File, Format Version 12.00
# Visual Studio 14
VisualStudioVersion = 14.0.22310.1
MinimumVisualStudioVersion = 10.0.40219.1
Project("{FAE04EC0-301F-11D3-BF4B-00C04F79EFBC}") = "Tripper.Services.Host", "Tripper.Services.Host\Tripper.Services.Host.csproj", "{EC19B4E5-00D9-4185-B943-77AECD54602D}"
EndProject
Project("{FAE04EC0-301F-11D3-BF4B-00C04F79EFBC}") = "Tripper.Services.Core", "Tripper.Services.Core\Tripper.Services.Core.csproj", "{F341689A-FCBD-42F7-A675-1A8FC873F690}"
EndProject
Project("{FAE04EC0-301F-11D3-BF4B-00C04F79EFBC}") = "Tripper.Services.Entities", "Tripper.Services.Entities\Tripper.Services.Entities.csproj", "{3E73AE9A-7250-4101-9C06-BFE513EDD0C6}"
EndProject
Project("{00D1A9C2-B5F0-4AF3-8072-F6C62B433612}") = "Tripper.Database", "Tripper.Database\Tripper.Database.sqlproj", "{6311715F-4CDB-47F8-91F4-986EB787D8CB}"
EndProject
Global
	GlobalSection(SolutionConfigurationPlatforms) = preSolution
		Debug|Any CPU = Debug|Any CPU
		Release|Any CPU = Release|Any CPU
	EndGlobalSection
	GlobalSection(ProjectConfigurationPlatforms) = postSolution
		{EC19B4E5-00D9-4185-B943-77AECD54602D}.Debug|Any CPU.ActiveCfg = Debug|Any CPU
		{EC19B4E5-00D9-4185-B943-77AECD54602D}.Debug|Any CPU.Build.0 = Debug|Any CPU
		{EC19B4E5-00D9-4185-B943-77AECD54602D}.Release|Any CPU.ActiveCfg = Release|Any CPU
		{EC19B4E5-00D9-4185-B943-77AECD54602D}.Release|Any CPU.Build.0 = Release|Any CPU
		{F341689A-FCBD-42F7-A675-1A8FC873F690}.Debug|Any CPU.ActiveCfg = Debug|Any CPU
		{F341689A-FCBD-42F7-A675-1A8FC873F690}.Debug|Any CPU.Build.0 = Debug|Any CPU
		{F341689A-FCBD-42F7-A675-1A8FC873F690}.Release|Any CPU.ActiveCfg = Release|Any CPU
		{F341689A-FCBD-42F7-A675-1A8FC873F690}.Release|Any CPU.Build.0 = Release|Any CPU
		{3E73AE9A-7250-4101-9C06-BFE513EDD0C6}.Debug|Any CPU.ActiveCfg = Debug|Any CPU
		{3E73AE9A-7250-4101-9C06-BFE513EDD0C6}.Debug|Any CPU.Build.0 = Debug|Any CPU
		{3E73AE9A-7250-4101-9C06-BFE513EDD0C6}.Release|Any CPU.ActiveCfg = Release|Any CPU
		{3E73AE9A-7250-4101-9C06-BFE513EDD0C6}.Release|Any CPU.Build.0 = Release|Any CPU
		{6311715F-4CDB-47F8-91F4-986EB787D8CB}.Debug|Any CPU.ActiveCfg = Debug|Any CPU
		{6311715F-4CDB-47F8-91F4-986EB787D8CB}.Debug|Any CPU.Build.0 = Debug|Any CPU
		{6311715F-4CDB-47F8-91F4-986EB787D8CB}.Debug|Any CPU.Deploy.0 = Debug|Any CPU
		{6311715F-4CDB-47F8-91F4-986EB787D8CB}.Release|Any CPU.ActiveCfg = Release|Any CPU
		{6311715F-4CDB-47F8-91F4-986EB787D8CB}.Release|Any CPU.Build.0 = Release|Any CPU
		{6311715F-4CDB-47F8-91F4-986EB787D8CB}.Release|Any CPU.Deploy.0 = Release|Any CPU
	EndGlobalSection
	GlobalSection(SolutionProperties) = preSolution
		HideSolutionNode = FALSE
	EndGlobalSection
EndGlobal
